Microsoft Visual Studio Solution File, Format Version 12.00
# Visual Studio Version 17
VisualStudioVersion = 17.5.2.0
MinimumVisualStudioVersion = 10.0.40219.1
Project("{FAE04EC0-301F-11D3-BF4B-00C04F79EFBC}") = "ASP.NET-projekt", "ASP.NET-projekt\ASP.NET-projekt.csproj", "{893A1B3D-483B-A421-84F0-B9CF47320CE1}"
EndProject
Global
	GlobalSection(SolutionConfigurationPlatforms) = preSolution
		Debug|Any CPU = Debug|Any CPU
		Release|Any CPU = Release|Any CPU
	EndGlobalSection
	GlobalSection(ProjectConfigurationPlatforms) = postSolution
		{893A1B3D-483B-A421-84F0-B9CF47320CE1}.Debug|Any CPU.ActiveCfg = Debug|Any CPU
		{893A1B3D-483B-A421-84F0-B9CF47320CE1}.Debug|Any CPU.Build.0 = Debug|Any CPU
		{893A1B3D-483B-A421-84F0-B9CF47320CE1}.Release|Any CPU.ActiveCfg = Release|Any CPU
		{893A1B3D-483B-A421-84F0-B9CF47320CE1}.Release|Any CPU.Build.0 = Release|Any CPU
	EndGlobalSection
	GlobalSection(SolutionProperties) = preSolution
		HideSolutionNode = FALSE
	EndGlobalSection
	GlobalSection(ExtensibilityGlobals) = postSolution
		SolutionGuid = {812D0518-B960-46D4-85AF-46A26D0D8291}
	EndGlobalSection
EndGlobal
