
Microsoft Visual Studio Solution File, Format Version 12.00
# Visual Studio Version 17
VisualStudioVersion = 17.5.2.0
MinimumVisualStudioVersion = 10.0.40219.1
Project("{FAE04EC0-301F-11D3-BF4B-00C04F79EFBC}") = "ASP.NET-projekt", "ASP.NET-projekt\ASP.NET-projekt.csproj", "{893A1B3D-483B-A421-84F0-B9CF47320CE1}"
EndProject
Project("{2150E333-8FDC-42A3-9474-1A3956D46DE8}") = "Tests", "Tests", "{0AB3BF05-4346-4AA6-1389-037BE0695223}"
EndProject
Project("{FAE04EC0-301F-11D3-BF4B-00C04F79EFBC}") = "IntegrationTests", "Tests\IntegrationTests\IntegrationTests.csproj", "{6FB357F8-B7B1-4BBE-91B5-9CF67C6D8960}"
EndProject
Global
	GlobalSection(SolutionConfigurationPlatforms) = preSolution
		Debug|Any CPU = Debug|Any CPU
		Debug|x64 = Debug|x64
		Debug|x86 = Debug|x86
		Release|Any CPU = Release|Any CPU
		Release|x64 = Release|x64
		Release|x86 = Release|x86
	EndGlobalSection
	GlobalSection(ProjectConfigurationPlatforms) = postSolution
		{893A1B3D-483B-A421-84F0-B9CF47320CE1}.Debug|Any CPU.ActiveCfg = Debug|Any CPU
		{893A1B3D-483B-A421-84F0-B9CF47320CE1}.Debug|Any CPU.Build.0 = Debug|Any CPU
		{893A1B3D-483B-A421-84F0-B9CF47320CE1}.Debug|x64.ActiveCfg = Debug|Any CPU
		{893A1B3D-483B-A421-84F0-B9CF47320CE1}.Debug|x64.Build.0 = Debug|Any CPU
		{893A1B3D-483B-A421-84F0-B9CF47320CE1}.Debug|x86.ActiveCfg = Debug|Any CPU
		{893A1B3D-483B-A421-84F0-B9CF47320CE1}.Debug|x86.Build.0 = Debug|Any CPU
		{893A1B3D-483B-A421-84F0-B9CF47320CE1}.Release|Any CPU.ActiveCfg = Release|Any CPU
		{893A1B3D-483B-A421-84F0-B9CF47320CE1}.Release|Any CPU.Build.0 = Release|Any CPU
		{893A1B3D-483B-A421-84F0-B9CF47320CE1}.Release|x64.ActiveCfg = Release|Any CPU
		{893A1B3D-483B-A421-84F0-B9CF47320CE1}.Release|x64.Build.0 = Release|Any CPU
		{893A1B3D-483B-A421-84F0-B9CF47320CE1}.Release|x86.ActiveCfg = Release|Any CPU
		{893A1B3D-483B-A421-84F0-B9CF47320CE1}.Release|x86.Build.0 = Release|Any CPU
		{6FB357F8-B7B1-4BBE-91B5-9CF67C6D8960}.Debug|Any CPU.ActiveCfg = Debug|Any CPU
		{6FB357F8-B7B1-4BBE-91B5-9CF67C6D8960}.Debug|Any CPU.Build.0 = Debug|Any CPU
		{6FB357F8-B7B1-4BBE-91B5-9CF67C6D8960}.Debug|x64.ActiveCfg = Debug|Any CPU
		{6FB357F8-B7B1-4BBE-91B5-9CF67C6D8960}.Debug|x64.Build.0 = Debug|Any CPU
		{6FB357F8-B7B1-4BBE-91B5-9CF67C6D8960}.Debug|x86.ActiveCfg = Debug|Any CPU
		{6FB357F8-B7B1-4BBE-91B5-9CF67C6D8960}.Debug|x86.Build.0 = Debug|Any CPU
		{6FB357F8-B7B1-4BBE-91B5-9CF67C6D8960}.Release|Any CPU.ActiveCfg = Release|Any CPU
		{6FB357F8-B7B1-4BBE-91B5-9CF67C6D8960}.Release|Any CPU.Build.0 = Release|Any CPU
		{6FB357F8-B7B1-4BBE-91B5-9CF67C6D8960}.Release|x64.ActiveCfg = Release|Any CPU
		{6FB357F8-B7B1-4BBE-91B5-9CF67C6D8960}.Release|x64.Build.0 = Release|Any CPU
		{6FB357F8-B7B1-4BBE-91B5-9CF67C6D8960}.Release|x86.ActiveCfg = Release|Any CPU
		{6FB357F8-B7B1-4BBE-91B5-9CF67C6D8960}.Release|x86.Build.0 = Release|Any CPU
	EndGlobalSection
	GlobalSection(SolutionProperties) = preSolution
		HideSolutionNode = FALSE
	EndGlobalSection
	GlobalSection(NestedProjects) = preSolution
		{6FB357F8-B7B1-4BBE-91B5-9CF67C6D8960} = {0AB3BF05-4346-4AA6-1389-037BE0695223}
	EndGlobalSection
	GlobalSection(ExtensibilityGlobals) = postSolution
		SolutionGuid = {812D0518-B960-46D4-85AF-46A26D0D8291}
	EndGlobalSection
EndGlobal
